github.com/billglover/gradient v1.0.0 h1:lBPyJbuVl7xAkdqBcd51MWp7XJnMzSdS/1i4W4OHfKw=
github.com/billglover/gradient v1.0.0/go.mod h1:4jkOl0t3sTUpl58JVPfhcO4jQCmJYklch3K/thYPYAc=
github.com/go-london-user-group/study-group v0.0.0-20190529193410-1bce376f2f79 h1:V6hwGhsCGbwgi/CqO2JKTStG97iHPcp9wqSX3KnoBHs=
